PATH
  remote: ../
  specs:
    pghero (0.1.0)
      activerecord
      pg

GEM
  remote: https://rubygems.org/
  specs:
    activemodel (4.0.8)
      activesupport (= 4.0.8)
      builder (~> 3.1.0)
    activerecord (4.0.8)
      activemodel (= 4.0.8)
      activerecord-deprecated_finders (~> 1.0.2)
      activesupport (= 4.0.8)
      arel (~> 4.0.0)
    activerecord-deprecated_finders (1.0.3)
    activesupport (4.0.8)
      i18n (~> 0.6, >= 0.6.9)
      minitest (~> 4.2)
      multi_json (~> 1.3)
      thread_safe (~> 0.1)
      tzinfo (~> 0.3.37)
    arel (4.0.2)
    builder (3.1.4)
    i18n (0.6.11)
    minitest (4.7.5)
    multi_json (1.10.1)
    pg (0.17.1)
    rake (10.3.2)
    thread_safe (0.3.4)
    tzinfo (0.3.40)

PLATFORMS
  ruby

DEPENDENCIES
  activerecord (~> 4.0.0)
  bundler (~> 1.6)
  minitest
  pghero!
  rake
